
Microsoft Visual Studio Solution File, Format Version 12.00
# Visual Studio 15
VisualStudioVersion = 15.0.28010.2046
MinimumVisualStudioVersion = 10.0.40219.1
Project("{FAE04EC0-301F-11D3-BF4B-00C04F79EFBC}") = "WcfService1", "WcfService1\WcfService1.csproj", "{0E3BA10D-807F-4FA4-A9FC-2C4800A4560D}"
EndProject
Project("{FAE04EC0-301F-11D3-BF4B-00C04F79EFBC}") = "ConsoleApp2", "ConsoleApp2\ConsoleApp2.csproj", "{70E922CE-3A14-4B18-A691-8CEB1E82A6A1}"
	ProjectSection(ProjectDependencies) = postProject
		{0E3BA10D-807F-4FA4-A9FC-2C4800A4560D} = {0E3BA10D-807F-4FA4-A9FC-2C4800A4560D}
	EndProjectSection
EndProject
Global
	GlobalSection(SolutionConfigurationPlatforms) = preSolution
		Debug|Any CPU = Debug|Any CPU
		Release|Any CPU = Release|Any CPU
	EndGlobalSection
	GlobalSection(ProjectConfigurationPlatforms) = postSolution
		{0E3BA10D-807F-4FA4-A9FC-2C4800A4560D}.Debug|Any CPU.ActiveCfg = Debug|Any CPU
		{0E3BA10D-807F-4FA4-A9FC-2C4800A4560D}.Debug|Any CPU.Build.0 = Debug|Any CPU
		{0E3BA10D-807F-4FA4-A9FC-2C4800A4560D}.Release|Any CPU.ActiveCfg = Release|Any CPU
		{0E3BA10D-807F-4FA4-A9FC-2C4800A4560D}.Release|Any CPU.Build.0 = Release|Any CPU
		{70E922CE-3A14-4B18-A691-8CEB1E82A6A1}.Debug|Any CPU.ActiveCfg = Debug|Any CPU
		{70E922CE-3A14-4B18-A691-8CEB1E82A6A1}.Debug|Any CPU.Build.0 = Debug|Any CPU
		{70E922CE-3A14-4B18-A691-8CEB1E82A6A1}.Release|Any CPU.ActiveCfg = Release|Any CPU
		{70E922CE-3A14-4B18-A691-8CEB1E82A6A1}.Release|Any CPU.Build.0 = Release|Any CPU
	EndGlobalSection
	GlobalSection(SolutionProperties) = preSolution
		HideSolutionNode = FALSE
	EndGlobalSection
	GlobalSection(ExtensibilityGlobals) = postSolution
		SolutionGuid = {209394A3-0BF6-4E42-B75C-363CA946B24F}
	EndGlobalSection
EndGlobal
