
Microsoft Visual Studio Solution File, Format Version 12.00
# Visual Studio 15
VisualStudioVersion = 15.0.28010.2046
MinimumVisualStudioVersion = 10.0.40219.1
Project("{FAE04EC0-301F-11D3-BF4B-00C04F79EFBC}") = "WcfService1", "WcfService1\WcfService1.csproj", "{B9CDD546-1700-45FE-936E-C715ABF3A955}"
EndProject
Project("{FAE04EC0-301F-11D3-BF4B-00C04F79EFBC}") = "tryItWord", "tryItWord\tryItWord.csproj", "{EA115556-699A-40F9-9368-973975A3034F}"
	ProjectSection(ProjectDependencies) = postProject
		{B9CDD546-1700-45FE-936E-C715ABF3A955} = {B9CDD546-1700-45FE-936E-C715ABF3A955}
	EndProjectSection
EndProject
Global
	GlobalSection(SolutionConfigurationPlatforms) = preSolution
		Debug|Any CPU = Debug|Any CPU
		Release|Any CPU = Release|Any CPU
	EndGlobalSection
	GlobalSection(ProjectConfigurationPlatforms) = postSolution
		{B9CDD546-1700-45FE-936E-C715ABF3A955}.Debug|Any CPU.ActiveCfg = Debug|Any CPU
		{B9CDD546-1700-45FE-936E-C715ABF3A955}.Debug|Any CPU.Build.0 = Debug|Any CPU
		{B9CDD546-1700-45FE-936E-C715ABF3A955}.Release|Any CPU.ActiveCfg = Release|Any CPU
		{B9CDD546-1700-45FE-936E-C715ABF3A955}.Release|Any CPU.Build.0 = Release|Any CPU
		{EA115556-699A-40F9-9368-973975A3034F}.Debug|Any CPU.ActiveCfg = Debug|Any CPU
		{EA115556-699A-40F9-9368-973975A3034F}.Debug|Any CPU.Build.0 = Debug|Any CPU
		{EA115556-699A-40F9-9368-973975A3034F}.Release|Any CPU.ActiveCfg = Release|Any CPU
		{EA115556-699A-40F9-9368-973975A3034F}.Release|Any CPU.Build.0 = Release|Any CPU
	EndGlobalSection
	GlobalSection(SolutionProperties) = preSolution
		HideSolutionNode = FALSE
	EndGlobalSection
	GlobalSection(ExtensibilityGlobals) = postSolution
		SolutionGuid = {2F736A6B-A651-4951-BF36-DBD517CA1034}
	EndGlobalSection
EndGlobal
